
Microsoft Visual Studio Solution File, Format Version 12.00
# Visual Studio Version 17
VisualStudioVersion = 17.13.35931.197 d17.13
MinimumVisualStudioVersion = 10.0.40219.1
Project("{2150E333-8FDC-42A3-9474-1A3956D46DE8}") = "Core", "Core", "{02EA681E-C7D8-13C7-8484-4AC65E1B71E8}"
EndProject
Project("{2150E333-8FDC-42A3-9474-1A3956D46DE8}") = "Frontends", "Frontends", "{B037FC29-C28D-47AF-9E64-B8E590480C98}"
EndProject
Project("{2150E333-8FDC-42A3-9474-1A3956D46DE8}") = "Infrastructure", "Infrastructure", "{0B3B4B07-7FC1-4A33-A8D3-08E877A5AAE1}"
EndProject
Project("{2150E333-8FDC-42A3-9474-1A3956D46DE8}") = "Presentation", "Presentation", "{7C3276D5-D564-456B-8E9D-84B56F42746D}"
EndProject
Project("{2150E333-8FDC-42A3-9474-1A3956D46DE8}") = "Requirements", "Requirements", "{EF4EEA9E-7878-46A7-9EDA-C059BCCDEC23}"
EndProject
Project("{FAE04EC0-301F-11D3-BF4B-00C04F79EFBC}") = "MovieApi.Domain", "Core\MovieApi.Domain\MovieApi.Domain.csproj", "{36A973D1-7A76-4254-B6F9-9D6CD1084314}"
EndProject
Project("{FAE04EC0-301F-11D3-BF4B-00C04F79EFBC}") = "MovieApi.Persistance", "Infrastructure\MovieApi.Persistance\MovieApi.Persistance.csproj", "{1BDD0E6C-D646-4963-94E5-49003F5EB3E5}"
EndProject
Project("{FAE04EC0-301F-11D3-BF4B-00C04F79EFBC}") = "MovieApi.WebApi", "Presentation\MovieApi.WebApi\MovieApi.WebApi.csproj", "{B35BEF1F-8930-4AA1-9B78-EE196E76E3D2}"
EndProject
Global
	GlobalSection(SolutionConfigurationPlatforms) = preSolution
		Debug|Any CPU = Debug|Any CPU
		Release|Any CPU = Release|Any CPU
	EndGlobalSection
	GlobalSection(ProjectConfigurationPlatforms) = postSolution
		{36A973D1-7A76-4254-B6F9-9D6CD1084314}.Debug|Any CPU.ActiveCfg = Debug|Any CPU
		{36A973D1-7A76-4254-B6F9-9D6CD1084314}.Debug|Any CPU.Build.0 = Debug|Any CPU
		{36A973D1-7A76-4254-B6F9-9D6CD1084314}.Release|Any CPU.ActiveCfg = Release|Any CPU
		{36A973D1-7A76-4254-B6F9-9D6CD1084314}.Release|Any CPU.Build.0 = Release|Any CPU
		{1BDD0E6C-D646-4963-94E5-49003F5EB3E5}.Debug|Any CPU.ActiveCfg = Debug|Any CPU
		{1BDD0E6C-D646-4963-94E5-49003F5EB3E5}.Debug|Any CPU.Build.0 = Debug|Any CPU
		{1BDD0E6C-D646-4963-94E5-49003F5EB3E5}.Release|Any CPU.ActiveCfg = Release|Any CPU
		{1BDD0E6C-D646-4963-94E5-49003F5EB3E5}.Release|Any CPU.Build.0 = Release|Any CPU
		{B35BEF1F-8930-4AA1-9B78-EE196E76E3D2}.Debug|Any CPU.ActiveCfg = Debug|Any CPU
		{B35BEF1F-8930-4AA1-9B78-EE196E76E3D2}.Debug|Any CPU.Build.0 = Debug|Any CPU
		{B35BEF1F-8930-4AA1-9B78-EE196E76E3D2}.Release|Any CPU.ActiveCfg = Release|Any CPU
		{B35BEF1F-8930-4AA1-9B78-EE196E76E3D2}.Release|Any CPU.Build.0 = Release|Any CPU
	EndGlobalSection
	GlobalSection(SolutionProperties) = preSolution
		HideSolutionNode = FALSE
	EndGlobalSection
	GlobalSection(NestedProjects) = preSolution
		{36A973D1-7A76-4254-B6F9-9D6CD1084314} = {02EA681E-C7D8-13C7-8484-4AC65E1B71E8}
		{1BDD0E6C-D646-4963-94E5-49003F5EB3E5} = {0B3B4B07-7FC1-4A33-A8D3-08E877A5AAE1}
		{B35BEF1F-8930-4AA1-9B78-EE196E76E3D2} = {7C3276D5-D564-456B-8E9D-84B56F42746D}
	EndGlobalSection
	GlobalSection(ExtensibilityGlobals) = postSolution
		SolutionGuid = {9A77B46B-4F78-4AE5-8F92-BDB95FADC2B2}
	EndGlobalSection
EndGlobal
